
Microsoft Visual Studio Solution File, Format Version 12.00
# Visual Studio Version 17
VisualStudioVersion = 17.8.34330.188
MinimumVisualStudioVersion = 10.0.40219.1
Project("{FAE04EC0-301F-11D3-BF4B-00C04F79EFBC}") = "ArvoreAVL", "ArvoreAVL\ArvoreAVL.csproj", "{8A96EB4E-3BDC-4890-8BBC-0E119D6A2226}"
EndProject
Global
	GlobalSection(SolutionConfigurationPlatforms) = preSolution
		Debug|Any CPU = Debug|Any CPU
		Release|Any CPU = Release|Any CPU
	EndGlobalSection
	GlobalSection(ProjectConfigurationPlatforms) = postSolution
		{8A96EB4E-3BDC-4890-8BBC-0E119D6A2226}.Debug|Any CPU.ActiveCfg = Debug|Any CPU
		{8A96EB4E-3BDC-4890-8BBC-0E119D6A2226}.Debug|Any CPU.Build.0 = Debug|Any CPU
		{8A96EB4E-3BDC-4890-8BBC-0E119D6A2226}.Release|Any CPU.ActiveCfg = Release|Any CPU
		{8A96EB4E-3BDC-4890-8BBC-0E119D6A2226}.Release|Any CPU.Build.0 = Release|Any CPU
	EndGlobalSection
	GlobalSection(SolutionProperties) = preSolution
		HideSolutionNode = FALSE
	EndGlobalSection
	GlobalSection(ExtensibilityGlobals) = postSolution
		SolutionGuid = {37CC2A7A-BC66-40B6-8DE3-5860B0653531}
	EndGlobalSection
EndGlobal
